// !$*UTF8*$!
{
	archiveVersion = 1;
	classes = {
	};
	objectVersion = 48;
	objects = {

/* Begin PBXBuildFile section */
		75D1551C1EECE36D005211B7 /* AppDelegate.swift in Sources */ = {isa = PBXBuildFile; fileRef = 75D1551B1EECE36D005211B7 /* AppDelegate.swift */; };
		75D1551E1EECE36D005211B7 /* ViewController.swift in Sources */ = {isa = PBXBuildFile; fileRef = 75D1551D1EECE36D005211B7 /* ViewController.swift */; };
		75D155211EECE36D005211B7 /* Main.storyboard in Resources */ = {isa = PBXBuildFile; fileRef = 75D1551F1EECE36D005211B7 /* Main.storyboard */; };
		75D155231EECE36D005211B7 /* Assets.xcassets in Resources */ = {isa = PBXBuildFile; fileRef = 75D155221EECE36D005211B7 /* Assets.xcassets */; };
		75D155261EECE36D005211B7 /* LaunchScreen.storyboard in Resources */ = {isa = PBXBuildFile; fileRef = 75D155241EECE36D005211B7 /* LaunchScreen.storyboard */; };
		75D155311EECE36D005211B7 /* demoTests.swift in Sources */ = {isa = PBXBuildFile; fileRef = 75D155301EECE36D005211B7 /* demoTests.swift */; };
		75D1553C1EECE36D005211B7 /* demoUITests.swift in Sources */ = {isa = PBXBuildFile; fileRef = 75D1553B1EECE36D005211B7 /* demoUITests.swift */; };
/* End PBXBuildFile section */

/* Begin PBXContainerItemProxy section */
		75D1552D1EECE36D005211B7 /* PBXContainerItemProxy */ = {
			isa = PBXContainerItemProxy;
			containerPortal = 75D155101EECE36D005211B7 /* Project object */;
			proxyType = 1;
			remoteGlobalIDString = 75D155171EECE36D005211B7;
			remoteInfo = demo;
		};
		75D155381EECE36D005211B7 /* PBXContainerItemProxy */ = {
			isa = PBXContainerItemProxy;
			containerPortal = 75D155101EECE36D005211B7 /* Project object */;
			proxyType = 1;
			remoteGlobalIDString = 75D155171EECE36D005211B7;
			remoteInfo = demo;
		};
/* End PBXContainerItemProxy section */

/* Begin PBXFileReference section */
		75D155181EECE36D005211B7 /* demo.app */ = {isa = PBXFileReference; explicitFileType = wrapper.application; includeInIndex = 0; path = demo.app; sourceTree = BUILT_PRODUCTS_DIR; };
		75D1551B1EECE36D005211B7 /* AppDelegate.swift */ = {isa = PBXFileReference; lastKnownFileType = sourcecode.swift; path = AppDelegate.swift; sourceTree = "<group>"; };
		75D1551D1EECE36D005211B7 /* ViewController.swift */ = {isa = PBXFileReference; lastKnownFileType = sourcecode.swift; path = ViewController.swift; sourceTree = "<group>"; };
		75D155201EECE36D005211B7 /* Base */ = {isa = PBXFileReference; lastKnownFileType = file.storyboard; name = Base; path = Base.lproj/Main.storyboard; sourceTree = "<group>"; };
		75D155221EECE36D005211B7 /* Assets.xcassets */ = {isa = PBXFileReference; lastKnownFileType = folder.assetcatalog; path = Assets.xcassets; sourceTree = "<group>"; };
		75D155251EECE36D005211B7 /* Base */ = {isa = PBXFileReference; lastKnownFileType = file.storyboard; name = Base; path = Base.lproj/LaunchScreen.storyboard; sourceTree = "<group>"; };
		75D155271EECE36D005211B7 /* Info.plist */ = {isa = PBXFileReference; lastKnownFileType = text.plist.xml; path = Info.plist; sourceTree = "<group>"; };
		75D1552C1EECE36D005211B7 /* demoTests.xctest */ = {isa = PBXFileReference; explicitFileType = wrapper.cfbundle; includeInIndex = 0; path = demoTests.xctest; sourceTree = BUILT_PRODUCTS_DIR; };
		75D155301EECE36D005211B7 /* demoTests.swift */ = {isa = PBXFileReference; lastKnownFileType = sourcecode.swift; path = demoTests.swift; sourceTree = "<group>"; };
		75D155321EECE36D005211B7 /* Info.plist */ = {isa = PBXFileReference; lastKnownFileType = text.plist.xml; path = Info.plist; sourceTree = "<group>"; };
		75D155371EECE36D005211B7 /* demoUITests.xctest */ = {isa = PBXFileReference; explicitFileType = wrapper.cfbundle; includeInIndex = 0; path = demoUITests.xctest; sourceTree = BUILT_PRODUCTS_DIR; };
		75D1553B1EECE36D005211B7 /* demoUITests.swift */ = {isa = PBXFileReference; lastKnownFileType = sourcecode.swift; path = demoUITests.swift; sourceTree = "<group>"; };
		75D1553D1EECE36D005211B7 /* Info.plist */ = {isa = PBXFileReference; lastKnownFileType = text.plist.xml; path = Info.plist; sourceTree = "<group>"; };
/* End PBXFileReference section */

/* Begin PBXFrameworksBuildPhase section */
		75D155151EECE36D005211B7 /* Frameworks */ = {
			isa = PBXFrameworksBuildPhase;
			buildActionMask = 2147483647;
			files = (
			);
			runOnlyForDeploymentPostprocessing = 0;
		};
		75D155291EECE36D005211B7 /* Frameworks */ = {
			isa = PBXFrameworksBuildPhase;
			buildActionMask = 2147483647;
			files = (
			);
			runOnlyForDeploymentPostprocessing = 0;
		};
		75D155341EECE36D005211B7 /* Frameworks */ = {
			isa = PBXFrameworksBuildPhase;
			buildActionMask = 2147483647;
			files = (
			);
			runOnlyForDeploymentPostprocessing = 0;
		};
/* End PBXFrameworksBuildPhase section */

/* Begin PBXGroup section */
		75D1550F1EECE36D005211B7 = {
			isa = PBXGroup;
			children = (
				75D1551A1EECE36D005211B7 /* demo */,
				75D1552F1EECE36D005211B7 /* demoTests */,
				75D1553A1EECE36D005211B7 /* demoUITests */,
				75D155191EECE36D005211B7 /* Products */,
			);
			sourceTree = "<group>";
		};
		75D155191EECE36D005211B7 /* Products */ = {
			isa = PBXGroup;
			children = (
				75D155181EECE36D005211B7 /* demo.app */,
				75D1552C1EECE36D005211B7 /* demoTests.xctest */,
				75D155371EECE36D005211B7 /* demoUITests.xctest */,
			);
			name = Products;
			sourceTree = "<group>";
		};
		75D1551A1EECE36D005211B7 /* demo */ = {
			isa = PBXGroup;
			children = (
				75D1551B1EECE36D005211B7 /* AppDelegate.swift */,
				75D1551D1EECE36D005211B7 /* ViewController.swift */,
				75D1551F1EECE36D005211B7 /* Main.storyboard */,
				75D155221EECE36D005211B7 /* Assets.xcassets */,
				75D155241EECE36D005211B7 /* LaunchScreen.storyboard */,
				75D155271EECE36D005211B7 /* Info.plist */,
			);
			path = demo;
			sourceTree = "<group>";
		};
		75D1552F1EECE36D005211B7 /* demoTests */ = {
			isa = PBXGroup;
			children = (
				75D155301EECE36D005211B7 /* demoTests.swift */,
				75D155321EECE36D005211B7 /* Info.plist */,
			);
			path = demoTests;
			sourceTree = "<group>";
		};
		75D1553A1EECE36D005211B7 /* demoUITests */ = {
			isa = PBXGroup;
			children = (
				75D1553B1EECE36D005211B7 /* demoUITests.swift */,
				75D1553D1EECE36D005211B7 /* Info.plist */,
			);
			path = demoUITests;
			sourceTree = "<group>";
		};
/* End PBXGroup section */

/* Begin PBXNativeTarget section */
		75D155171EECE36D005211B7 /* demo */ = {
			isa = PBXNativeTarget;
			buildConfigurationList = 75D155401EECE36D005211B7 /* Build configuration list for PBXNativeTarget "demo" */;
			buildPhases = (
				75D155141EECE36D005211B7 /* Sources */,
				75D155151EECE36D005211B7 /* Frameworks */,
				75D155161EECE36D005211B7 /* Resources */,
			);
			buildRules = (
			);
			dependencies = (
			);
			name = demo;
			productName = demo;
			productReference = 75D155181EECE36D005211B7 /* demo.app */;
			productType = "com.apple.product-type.application";
		};
		75D1552B1EECE36D005211B7 /* demoTests */ = {
			isa = PBXNativeTarget;
			buildConfigurationList = 75D155431EECE36D005211B7 /* Build configuration list for PBXNativeTarget "demoTests" */;
			buildPhases = (
				75D155281EECE36D005211B7 /* Sources */,
				75D155291EECE36D005211B7 /* Frameworks */,
				75D1552A1EECE36D005211B7 /* Resources */,
			);
			buildRules = (
			);
			dependencies = (
				75D1552E1EECE36D005211B7 /* PBXTargetDependency */,
			);
			name = demoTests;
			productName = demoTests;
			productReference = 75D1552C1EECE36D005211B7 /* demoTests.xctest */;
			productType = "com.apple.product-type.bundle.unit-test";
		};
		75D155361EECE36D005211B7 /* demoUITests */ = {
			isa = PBXNativeTarget;
			buildConfigurationList = 75D155461EECE36D005211B7 /* Build configuration list for PBXNativeTarget "demoUITests" */;
			buildPhases = (
				75D155331EECE36D005211B7 /* Sources */,
				75D155341EECE36D005211B7 /* Frameworks */,
				75D155351EECE36D005211B7 /* Resources */,
			);
			buildRules = (
			);
			dependencies = (
				75D155391EECE36D005211B7 /* PBXTargetDependency */,
			);
			name = demoUITests;
			productName = demoUITests;
			productReference = 75D155371EECE36D005211B7 /* demoUITests.xctest */;
			productType = "com.apple.product-type.bundle.ui-testing";
		};
/* End PBXNativeTarget section */

/* Begin PBXProject section */
		75D155101EECE36D005211B7 /* Project object */ = {
			isa = PBXProject;
			attributes = {
				LastSwiftUpdateCheck = 0900;
				LastUpgradeCheck = 0900;
				ORGANIZATIONNAME = ikrulala;
				TargetAttributes = {
					75D155171EECE36D005211B7 = {
						CreatedOnToolsVersion = 9.0;
					};
					75D1552B1EECE36D005211B7 = {
						CreatedOnToolsVersion = 9.0;
						TestTargetID = 75D155171EECE36D005211B7;
					};
					75D155361EECE36D005211B7 = {
						CreatedOnToolsVersion = 9.0;
						TestTargetID = 75D155171EECE36D005211B7;
					};
				};
			};
			buildConfigurationList = 75D155131EECE36D005211B7 /* Build configuration list for PBXProject "demo" */;
			compatibilityVersion = "Xcode 8.0";
			developmentRegion = en;
			hasScannedForEncodings = 0;
			knownRegions = (
				en,
				Base,
			);
			mainGroup = 75D1550F1EECE36D005211B7;
			productRefGroup = 75D155191EECE36D005211B7 /* Products */;
			projectDirPath = "";
			projectRoot = "";
			targets = (
				75D155171EECE36D005211B7 /* demo */,
				75D1552B1EECE36D005211B7 /* demoTests */,
				75D155361EECE36D005211B7 /* demoUITests */,
			);
		};
/* End PBXProject section */

/* Begin PBXResourcesBuildPhase section */
		75D155161EECE36D005211B7 /* Resources */ = {
			isa = PBXResourcesBuildPhase;
			buildActionMask = 2147483647;
			files = (
				75D155261EECE36D005211B7 /* LaunchScreen.storyboard in Resources */,
				75D155231EECE36D005211B7 /* Assets.xcassets in Resources */,
				75D155211EECE36D005211B7 /* Main.storyboard in Resources */,
			);
			runOnlyForDeploymentPostprocessing = 0;
		};
		75D1552A1EECE36D005211B7 /* Resources */ = {
			isa = PBXResourcesBuildPhase;
			buildActionMask = 2147483647;
			files = (
			);
			runOnlyForDeploymentPostprocessing = 0;
		};
		75D155351EECE36D005211B7 /* Resources */ = {
			isa = PBXResourcesBuildPhase;
			buildActionMask = 2147483647;
			files = (
			);
			runOnlyForDeploymentPostprocessing = 0;
		};
/* End PBXResourcesBuildPhase section */

/* Begin PBXSourcesBuildPhase section */
		75D155141EECE36D005211B7 /* Sources */ = {
			isa = PBXSourcesBuildPhase;
			buildActionMask = 2147483647;
			files = (
				75D1551E1EECE36D005211B7 /* ViewController.swift in Sources */,
				75D1551C1EECE36D005211B7 /* AppDelegate.swift in Sources */,
			);
			runOnlyForDeploymentPostprocessing = 0;
		};
		75D155281EECE36D005211B7 /* Sources */ = {
			isa = PBXSourcesBuildPhase;
			buildActionMask = 2147483647;
			files = (
				75D155311EECE36D005211B7 /* demoTests.swift in Sources */,
			);
			runOnlyForDeploymentPostprocessing = 0;
		};
		75D155331EECE36D005211B7 /* Sources */ = {
			isa = PBXSourcesBuildPhase;
			buildActionMask = 2147483647;
			files = (
				75D1553C1EECE36D005211B7 /* demoUITests.swift in Sources */,
			);
			runOnlyForDeploymentPostprocessing = 0;
		};
/* End PBXSourcesBuildPhase section */

/* Begin PBXTargetDependency section */
		75D1552E1EECE36D005211B7 /* PBXTargetDependency */ = {
			isa = PBXTargetDependency;
			target = 75D155171EECE36D005211B7 /* demo */;
			targetProxy = 75D1552D1EECE36D005211B7 /* PBXContainerItemProxy */;
		};
		75D155391EECE36D005211B7 /* PBXTargetDependency */ = {
			isa = PBXTargetDependency;
			target = 75D155171EECE36D005211B7 /* demo */;
			targetProxy = 75D155381EECE36D005211B7 /* PBXContainerItemProxy */;
		};
/* End PBXTargetDependency section */

/* Begin PBXVariantGroup section */
		75D1551F1EECE36D005211B7 /* Main.storyboard */ = {
			isa = PBXVariantGroup;
			children = (
				75D155201EECE36D005211B7 /* Base */,
			);
			name = Main.storyboard;
			sourceTree = "<group>";
		};
		75D155241EECE36D005211B7 /* LaunchScreen.storyboard */ = {
			isa = PBXVariantGroup;
			children = (
				75D155251EECE36D005211B7 /* Base */,
			);
			name = LaunchScreen.storyboard;
			sourceTree = "<group>";
		};
/* End PBXVariantGroup section */

/* Begin XCBuildConfiguration section */
		75D1553E1EECE36D005211B7 /* Debug */ = {
			isa = XCBuildConfiguration;
			buildSettings = {
				ALWAYS_SEARCH_USER_PATHS = NO;
				CLANG_ANALYZER_NONNULL = YES;
				CLANG_ANALYZER_NUMBER_OBJECT_CONVERSION = YES_AGGRESSIVE;
				CLANG_CXX_LANGUAGE_STANDARD = "gnu++14";
				CLANG_CXX_LIBRARY = "libc++";
				CLANG_ENABLE_MODULES = YES;
				CLANG_ENABLE_OBJC_ARC = YES;
				CLANG_WARN_BLOCK_CAPTURE_AUTORELEASING = YES;
				CLANG_WARN_BOOL_CONVERSION = YES;
				CLANG_WARN_COMMA = YES;
				CLANG_WARN_CONSTANT_CONVERSION = YES;
				CLANG_WARN_DIRECT_OBJC_ISA_USAGE = YES_ERROR;
				CLANG_WARN_DOCUMENTATION_COMMENTS = YES;
				CLANG_WARN_EMPTY_BODY = YES;
				CLANG_WARN_ENUM_CONVERSION = YES;
				CLANG_WARN_INFINITE_RECURSION = YES;
				CLANG_WARN_INT_CONVERSION = YES;
				CLANG_WARN_OBJC_ROOT_CLASS = YES_ERROR;
				CLANG_WARN_RANGE_LOOP_ANALYSIS = YES;
				CLANG_WARN_STRICT_PROTOTYPES = YES;
				CLANG_WARN_SUSPICIOUS_MOVE = YES;
				CLANG_WARN_UNGUARDED_AVAILABILITY = YES_AGGRESSIVE;
				CLANG_WARN_UNREACHABLE_CODE = YES;
				CLANG_WARN__DUPLICATE_METHOD_MATCH = YES;
				CODE_SIGN_IDENTITY = "iPhone Developer";
				COPY_PHASE_STRIP = NO;
				DEBUG_INFORMATION_FORMAT = dwarf;
				ENABLE_STRICT_OBJC_MSGSEND = YES;
				ENABLE_TESTABILITY = YES;
				GCC_C_LANGUAGE_STANDARD = gnu11;
				GCC_DYNAMIC_NO_PIC = NO;
				GCC_NO_COMMON_BLOCKS = YES;
				GCC_OPTIMIZATION_LEVEL = 0;
				GCC_PREPROCESSOR_DEFINITIONS = (
					"DEBUG=1",
					"$(inherited)",
				);
				GCC_WARN_64_TO_32_BIT_CONVERSION = YES;
				GCC_WARN_ABOUT_RETURN_TYPE = YES_ERROR;
				GCC_WARN_UNDECLARED_SELECTOR = YES;
				GCC_WARN_UNINITIALIZED_AUTOS = YES_AGGRESSIVE;
				GCC_WARN_UNUSED_FUNCTION = YES;
				GCC_WARN_UNUSED_VARIABLE = YES;
				IPHONEOS_DEPLOYMENT_TARGET = 11.0;
				MTL_ENABLE_DEBUG_INFO = YES;
				ONLY_ACTIVE_ARCH = YES;
				SDKROOT = iphoneos;
				SWIFT_ACTIVE_COMPILATION_CONDITIONS = DEBUG;
				SWIFT_OPTIMIZATION_LEVEL = "-Onone";
			};
			name = Debug;
		};
		75D1553F1EECE36D005211B7 /* Release */ = {
			isa = XCBuildConfiguration;
			buildSettings = {
				ALWAYS_SEARCH_USER_PATHS = NO;
				CLANG_ANALYZER_NONNULL = YES;
				CLANG_ANALYZER_NUMBER_OBJECT_CONVERSION = YES_AGGRESSIVE;
				CLANG_CXX_LANGUAGE_STANDARD = "gnu++14";
				CLANG_CXX_LIBRARY = "libc++";
				CLANG_ENABLE_MODULES = YES;
				CLANG_ENABLE_OBJC_ARC = YES;
				CLANG_WARN_BLOCK_CAPTURE_AUTORELEASING = YES;
				CLANG_WARN_BOOL_CONVERSION = YES;
				CLANG_WARN_COMMA = YES;
				CLANG_WARN_CONSTANT_CONVERSION = YES;
				CLANG_WARN_DIRECT_OBJC_ISA_USAGE = YES_ERROR;
				CLANG_WARN_DOCUMENTATION_COMMENTS = YES;
				CLANG_WARN_EMPTY_BODY = YES;
				CLANG_WARN_ENUM_CONVERSION = YES;
				CLANG_WARN_INFINITE_RECURSION = YES;
				CLANG_WARN_INT_CONVERSION = YES;
				CLANG_WARN_OBJC_ROOT_CLASS = YES_ERROR;
				CLANG_WARN_RANGE_LOOP_ANALYSIS = YES;
				CLANG_WARN_STRICT_PROTOTYPES = YES;
				CLANG_WARN_SUSPICIOUS_MOVE = YES;
				CLANG_WARN_UNGUARDED_AVAILABILITY = YES_AGGRESSIVE;
				CLANG_WARN_UNREACHABLE_CODE = YES;
				CLANG_WARN__DUPLICATE_METHOD_MATCH = YES;
				CODE_SIGN_IDENTITY = "iPhone Developer";
				COPY_PHASE_STRIP = NO;
				DEBUG_INFORMATION_FORMAT = "dwarf-with-dsym";
				ENABLE_NS_ASSERTIONS = NO;
				ENABLE_STRICT_OBJC_MSGSEND = YES;
				GCC_C_LANGUAGE_STANDARD = gnu11;
				GCC_NO_COMMON_BLOCKS = YES;
				GCC_WARN_64_TO_32_BIT_CONVERSION = YES;
				GCC_WARN_ABOUT_RETURN_TYPE = YES_ERROR;
				GCC_WARN_UNDECLARED_SELECTOR = YES;
				GCC_WARN_UNINITIALIZED_AUTOS = YES_AGGRESSIVE;
				GCC_WARN_UNUSED_FUNCTION = YES;
				GCC_WARN_UNUSED_VARIABLE = YES;
				IPHONEOS_DEPLOYMENT_TARGET = 11.0;
				MTL_ENABLE_DEBUG_INFO = NO;
				SDKROOT = iphoneos;
				SWIFT_OPTIMIZATION_LEVEL = "-Owholemodule";
				VALIDATE_PRODUCT = YES;
			};
			name = Release;
		};
		75D155411EECE36D005211B7 /* Debug */ = {
			isa = XCBuildConfiguration;
			buildSettings = {
				ASSETCATALOG_COMPILER_APPICON_NAME = AppIcon;
				DEVELOPMENT_TEAM = J9GFRHH2EK;
				INFOPLIST_FILE = demo/Info.plist;
				IPHONEOS_DEPLOYMENT_TARGET = 9.2;
				LD_RUNPATH_SEARCH_PATHS = "$(inherited) @executable_path/Frameworks";
				PRODUCT_BUNDLE_IDENTIFIER = com.ikrulala.demo;
				PRODUCT_NAME = "$(TARGET_NAME)";
				SWIFT_VERSION = 4.0;
				TARGETED_DEVICE_FAMILY = "1,2";
			};
			name = Debug;
		};
		75D155421EECE36D005211B7 /* Release */ = {
			isa = XCBuildConfiguration;
			buildSettings = {
				ASSETCATALOG_COMPILER_APPICON_NAME = AppIcon;
				DEVELOPMENT_TEAM = J9GFRHH2EK;
				INFOPLIST_FILE = demo/Info.plist;
				IPHONEOS_DEPLOYMENT_TARGET = 9.2;
				LD_RUNPATH_SEARCH_PATHS = "$(inherited) @executable_path/Frameworks";
				PRODUCT_BUNDLE_IDENTIFIER = com.ikrulala.demo;
				PRODUCT_NAME = "$(TARGET_NAME)";
				SWIFT_VERSION = 4.0;
				TARGETED_DEVICE_FAMILY = "1,2";
			};
			name = Release;
		};
		75D155441EECE36D005211B7 /* Debug */ = {
			isa = XCBuildConfiguration;
			buildSettings = {
				ALWAYS_EMBED_SWIFT_STANDARD_LIBRARIES = YES;
				BUNDLE_LOADER = "$(TEST_HOST)";
				DEVELOPMENT_TEAM = J9GFRHH2EK;
				INFOPLIST_FILE = demoTests/Info.plist;
				LD_RUNPATH_SEARCH_PATHS = "$(inherited) @executable_path/Frameworks @loader_path/Frameworks";
				PRODUCT_BUNDLE_IDENTIFIER = com.ikrulala.demoTests;
				PRODUCT_NAME = "$(TARGET_NAME)";
				SWIFT_VERSION = 4.0;
				TARGETED_DEVICE_FAMILY = "1,2";
				TEST_HOST = "$(BUILT_PRODUCTS_DIR)/demo.app/demo";
			};
			name = Debug;
		};
		75D155451EECE36D005211B7 /* Release */ = {
			isa = XCBuildConfiguration;
			buildSettings = {
				ALWAYS_EMBED_SWIFT_STANDARD_LIBRARIES = YES;
				BUNDLE_LOADER = "$(TEST_HOST)";
				DEVELOPMENT_TEAM = J9GFRHH2EK;
				INFOPLIST_FILE = demoTests/Info.plist;
				LD_RUNPATH_SEARCH_PATHS = "$(inherited) @executable_path/Frameworks @loader_path/Frameworks";
				PRODUCT_BUNDLE_IDENTIFIER = com.ikrulala.demoTests;
				PRODUCT_NAME = "$(TARGET_NAME)";
				SWIFT_VERSION = 4.0;
				TARGETED_DEVICE_FAMILY = "1,2";
				TEST_HOST = "$(BUILT_PRODUCTS_DIR)/demo.app/demo";
			};
			name = Release;
		};
		75D155471EECE36D005211B7 /* Debug */ = {
			isa = XCBuildConfiguration;
			buildSettings = {
				ALWAYS_EMBED_SWIFT_STANDARD_LIBRARIES = YES;
				DEVELOPMENT_TEAM = J9GFRHH2EK;
				INFOPLIST_FILE = demoUITests/Info.plist;
				LD_RUNPATH_SEARCH_PATHS = "$(inherited) @executable_path/Frameworks @loader_path/Frameworks";
				PRODUCT_BUNDLE_IDENTIFIER = com.ikrulala.demoUITests;
				PRODUCT_NAME = "$(TARGET_NAME)";
				SWIFT_VERSION = 4.0;
				TARGETED_DEVICE_FAMILY = "1,2";
				TEST_TARGET_NAME = demo;
			};
			name = Debug;
		};
		75D155481EECE36D005211B7 /* Release */ = {
			isa = XCBuildConfiguration;
			buildSettings = {
				ALWAYS_EMBED_SWIFT_STANDARD_LIBRARIES = YES;
				DEVELOPMENT_TEAM = J9GFRHH2EK;
				INFOPLIST_FILE = demoUITests/Info.plist;
				LD_RUNPATH_SEARCH_PATHS = "$(inherited) @executable_path/Frameworks @loader_path/Frameworks";
				PRODUCT_BUNDLE_IDENTIFIER = com.ikrulala.demoUITests;
				PRODUCT_NAME = "$(TARGET_NAME)";
				SWIFT_VERSION = 4.0;
				TARGETED_DEVICE_FAMILY = "1,2";
				TEST_TARGET_NAME = demo;
			};
			name = Release;
		};
/* End XCBuildConfiguration section */

/* Begin XCConfigurationList section */
		75D155131EECE36D005211B7 /* Build configuration list for PBXProject "demo" */ = {
			isa = XCConfigurationList;
			buildConfigurations = (
				75D1553E1EECE36D005211B7 /* Debug */,
				75D1553F1EECE36D005211B7 /* Release */,
			);
			defaultConfigurationIsVisible = 0;
			defaultConfigurationName = Release;
		};
		75D155401EECE36D005211B7 /* Build configuration list for PBXNativeTarget "demo" */ = {
			isa = XCConfigurationList;
			buildConfigurations = (
				75D155411EECE36D005211B7 /* Debug */,
				75D155421EECE36D005211B7 /* Release */,
			);
			defaultConfigurationIsVisible = 0;
			defaultConfigurationName = Release;
		};
		75D155431EECE36D005211B7 /* Build configuration list for PBXNativeTarget "demoTests" */ = {
			isa = XCConfigurationList;
			buildConfigurations = (
				75D155441EECE36D005211B7 /* Debug */,
				75D155451EECE36D005211B7 /* Release */,
			);
			defaultConfigurationIsVisible = 0;
			defaultConfigurationName = Release;
		};
		75D155461EECE36D005211B7 /* Build configuration list for PBXNativeTarget "demoUITests" */ = {
			isa = XCConfigurationList;
			buildConfigurations = (
				75D155471EECE36D005211B7 /* Debug */,
				75D155481EECE36D005211B7 /* Release */,
			);
			defaultConfigurationIsVisible = 0;
			defaultConfigurationName = Release;
		};
/* End XCConfigurationList section */
	};
	rootObject = 75D155101EECE36D005211B7 /* Project object */;
}
